
Microsoft Visual Studio Solution File, Format Version 12.00
# Visual Studio Version 16
VisualStudioVersion = 16.0.28705.295
MinimumVisualStudioVersion = 10.0.40219.1
Project("{2150E333-8FDC-42A3-9474-1A3956D46DE8}") = "src", "src", "{D75F6C9F-290C-4DF7-9018-0AE3F2059B7A}"
EndProject
Project("{9A19103F-16F7-4668-BE54-9A1E7A4F7556}") = "ScienceFuzz.Web.Pages", "src\ScienceFuzz.Web.Pages\ScienceFuzz.Web.Pages.csproj", "{603C103F-9363-4E38-9C8A-536E0926D562}"
EndProject
Project("{2150E333-8FDC-42A3-9474-1A3956D46DE8}") = "lib", "lib", "{413692D0-D59F-40C9-BEE3-F31104B642B1}"
EndProject
Project("{9A19103F-16F7-4668-BE54-9A1E7A4F7556}") = "ScienceFuzz.Models", "lib\ScienceFuzz.Models\ScienceFuzz.Models.csproj", "{30B0249C-B7A4-4A81-BDC4-8242DB776EBB}"
EndProject
Project("{9A19103F-16F7-4668-BE54-9A1E7A4F7556}") = "ScienceFuzz.Console.Data.Parsing", "src\ScienceFuzz.Console.Data.Parsing\ScienceFuzz.Console.Data.Parsing.csproj", "{19738413-91F8-4537-834B-67CA350A399E}"
EndProject
Project("{9A19103F-16F7-4668-BE54-9A1E7A4F7556}") = "ScienceFuzz.Web.Spa", "src\ScienceFuzz.Web.Spa\ScienceFuzz.Web.Spa.csproj", "{7E6D53AD-7368-4F9F-88E9-1E7466933E6D}"
EndProject
Project("{9A19103F-16F7-4668-BE54-9A1E7A4F7556}") = "ScienceFuzz.Serverless", "src\ScienceFuzz.Serverless\ScienceFuzz.Serverless.csproj", "{12B404B7-8B2F-4CB3-9FAD-C7A96FEE2864}"
EndProject
Project("{9A19103F-16F7-4668-BE54-9A1E7A4F7556}") = "ScienceFuzz.Web.Spa.Server", "src\ScienceFuzz.Web.Spa.Server\ScienceFuzz.Web.Spa.Server.csproj", "{DE49E85A-3BC7-41B0-8B9D-9310835EBE48}"
EndProject
Project("{FAE04EC0-301F-11D3-BF4B-00C04F79EFBC}") = "ScienceFuzz", "lib\ScienceFuzz\ScienceFuzz.csproj", "{431534C7-F187-45EA-BA89-29F17B54B731}"
EndProject
Project("{FAE04EC0-301F-11D3-BF4B-00C04F79EFBC}") = "ScienceFuzz.Initialization.Console", "src\ScienceFuzz.Initialization.Console\ScienceFuzz.Initialization.Console.csproj", "{1D22DB8D-F27E-4B7D-86A2-F2CF8059BB5A}"
EndProject
Global
	GlobalSection(SolutionConfigurationPlatforms) = preSolution
		Debug|Any CPU = Debug|Any CPU
		Release|Any CPU = Release|Any CPU
	EndGlobalSection
	GlobalSection(ProjectConfigurationPlatforms) = postSolution
		{603C103F-9363-4E38-9C8A-536E0926D562}.Debug|Any CPU.ActiveCfg = Debug|Any CPU
		{603C103F-9363-4E38-9C8A-536E0926D562}.Debug|Any CPU.Build.0 = Debug|Any CPU
		{603C103F-9363-4E38-9C8A-536E0926D562}.Release|Any CPU.ActiveCfg = Release|Any CPU
		{603C103F-9363-4E38-9C8A-536E0926D562}.Release|Any CPU.Build.0 = Release|Any CPU
		{30B0249C-B7A4-4A81-BDC4-8242DB776EBB}.Debug|Any CPU.ActiveCfg = Debug|Any CPU
		{30B0249C-B7A4-4A81-BDC4-8242DB776EBB}.Debug|Any CPU.Build.0 = Debug|Any CPU
		{30B0249C-B7A4-4A81-BDC4-8242DB776EBB}.Release|Any CPU.ActiveCfg = Release|Any CPU
		{30B0249C-B7A4-4A81-BDC4-8242DB776EBB}.Release|Any CPU.Build.0 = Release|Any CPU
		{19738413-91F8-4537-834B-67CA350A399E}.Debug|Any CPU.ActiveCfg = Debug|Any CPU
		{19738413-91F8-4537-834B-67CA350A399E}.Debug|Any CPU.Build.0 = Debug|Any CPU
		{19738413-91F8-4537-834B-67CA350A399E}.Release|Any CPU.ActiveCfg = Release|Any CPU
		{19738413-91F8-4537-834B-67CA350A399E}.Release|Any CPU.Build.0 = Release|Any CPU
		{7E6D53AD-7368-4F9F-88E9-1E7466933E6D}.Debug|Any CPU.ActiveCfg = Debug|Any CPU
		{7E6D53AD-7368-4F9F-88E9-1E7466933E6D}.Debug|Any CPU.Build.0 = Debug|Any CPU
		{7E6D53AD-7368-4F9F-88E9-1E7466933E6D}.Release|Any CPU.ActiveCfg = Release|Any CPU
		{7E6D53AD-7368-4F9F-88E9-1E7466933E6D}.Release|Any CPU.Build.0 = Release|Any CPU
		{12B404B7-8B2F-4CB3-9FAD-C7A96FEE2864}.Debug|Any CPU.ActiveCfg = Debug|Any CPU
		{12B404B7-8B2F-4CB3-9FAD-C7A96FEE2864}.Debug|Any CPU.Build.0 = Debug|Any CPU
		{12B404B7-8B2F-4CB3-9FAD-C7A96FEE2864}.Release|Any CPU.ActiveCfg = Release|Any CPU
		{12B404B7-8B2F-4CB3-9FAD-C7A96FEE2864}.Release|Any CPU.Build.0 = Release|Any CPU
		{DE49E85A-3BC7-41B0-8B9D-9310835EBE48}.Debug|Any CPU.ActiveCfg = Debug|Any CPU
		{DE49E85A-3BC7-41B0-8B9D-9310835EBE48}.Debug|Any CPU.Build.0 = Debug|Any CPU
		{DE49E85A-3BC7-41B0-8B9D-9310835EBE48}.Release|Any CPU.ActiveCfg = Release|Any CPU
		{DE49E85A-3BC7-41B0-8B9D-9310835EBE48}.Release|Any CPU.Build.0 = Release|Any CPU
		{431534C7-F187-45EA-BA89-29F17B54B731}.Debug|Any CPU.ActiveCfg = Debug|Any CPU
		{431534C7-F187-45EA-BA89-29F17B54B731}.Debug|Any CPU.Build.0 = Debug|Any CPU
		{431534C7-F187-45EA-BA89-29F17B54B731}.Release|Any CPU.ActiveCfg = Release|Any CPU
		{431534C7-F187-45EA-BA89-29F17B54B731}.Release|Any CPU.Build.0 = Release|Any CPU
		{1D22DB8D-F27E-4B7D-86A2-F2CF8059BB5A}.Debug|Any CPU.ActiveCfg = Debug|Any CPU
		{1D22DB8D-F27E-4B7D-86A2-F2CF8059BB5A}.Debug|Any CPU.Build.0 = Debug|Any CPU
		{1D22DB8D-F27E-4B7D-86A2-F2CF8059BB5A}.Release|Any CPU.ActiveCfg = Release|Any CPU
		{1D22DB8D-F27E-4B7D-86A2-F2CF8059BB5A}.Release|Any CPU.Build.0 = Release|Any CPU
	EndGlobalSection
	GlobalSection(SolutionProperties) = preSolution
		HideSolutionNode = FALSE
	EndGlobalSection
	GlobalSection(NestedProjects) = preSolution
		{603C103F-9363-4E38-9C8A-536E0926D562} = {D75F6C9F-290C-4DF7-9018-0AE3F2059B7A}
		{30B0249C-B7A4-4A81-BDC4-8242DB776EBB} = {413692D0-D59F-40C9-BEE3-F31104B642B1}
		{19738413-91F8-4537-834B-67CA350A399E} = {D75F6C9F-290C-4DF7-9018-0AE3F2059B7A}
		{7E6D53AD-7368-4F9F-88E9-1E7466933E6D} = {D75F6C9F-290C-4DF7-9018-0AE3F2059B7A}
		{12B404B7-8B2F-4CB3-9FAD-C7A96FEE2864} = {D75F6C9F-290C-4DF7-9018-0AE3F2059B7A}
		{DE49E85A-3BC7-41B0-8B9D-9310835EBE48} = {D75F6C9F-290C-4DF7-9018-0AE3F2059B7A}
		{431534C7-F187-45EA-BA89-29F17B54B731} = {413692D0-D59F-40C9-BEE3-F31104B642B1}
		{1D22DB8D-F27E-4B7D-86A2-F2CF8059BB5A} = {D75F6C9F-290C-4DF7-9018-0AE3F2059B7A}
	EndGlobalSection
	GlobalSection(ExtensibilityGlobals) = postSolution
		SolutionGuid = {36FB526F-A843-426D-ACCC-9248CBA4CD62}
	EndGlobalSection
EndGlobal
