
Microsoft Visual Studio Solution File, Format Version 12.00
# Visual Studio Version 16
VisualStudioVersion = 16.0.28705.295
MinimumVisualStudioVersion = 10.0.40219.1
Project("{2150E333-8FDC-42A3-9474-1A3956D46DE8}") = "src", "src", "{D75F6C9F-290C-4DF7-9018-0AE3F2059B7A}"
EndProject
Project("{2150E333-8FDC-42A3-9474-1A3956D46DE8}") = "lib", "lib", "{413692D0-D59F-40C9-BEE3-F31104B642B1}"
EndProject
Project("{9A19103F-16F7-4668-BE54-9A1E7A4F7556}") = "ScienceFuzz.Console.Data.Parsing", "src\ScienceFuzz.Console.Data.Parsing\ScienceFuzz.Console.Data.Parsing.csproj", "{19738413-91F8-4537-834B-67CA350A399E}"
EndProject
Project("{9A19103F-16F7-4668-BE54-9A1E7A4F7556}") = "ScienceFuzz.Web.Spa", "src\ScienceFuzz.Web.Spa\ScienceFuzz.Web.Spa.csproj", "{7E6D53AD-7368-4F9F-88E9-1E7466933E6D}"
EndProject
Project("{9A19103F-16F7-4668-BE54-9A1E7A4F7556}") = "ScienceFuzz.Web.Spa.Server", "src\ScienceFuzz.Web.Spa.Server\ScienceFuzz.Web.Spa.Server.csproj", "{DE49E85A-3BC7-41B0-8B9D-9310835EBE48}"
EndProject
Project("{9A19103F-16F7-4668-BE54-9A1E7A4F7556}") = "ScienceFuzz", "lib\ScienceFuzz\ScienceFuzz.csproj", "{431534C7-F187-45EA-BA89-29F17B54B731}"
EndProject
Project("{9A19103F-16F7-4668-BE54-9A1E7A4F7556}") = "ScienceFuzz.Initialization.Console", "src\ScienceFuzz.Initialization.Console\ScienceFuzz.Initialization.Console.csproj", "{1D22DB8D-F27E-4B7D-86A2-F2CF8059BB5A}"
EndProject
Project("{9A19103F-16F7-4668-BE54-9A1E7A4F7556}") = "ScienceFuzz.Data", "lib\ScienceFuzz.Data\ScienceFuzz.Data.csproj", "{5A83E093-1A6E-448D-9689-AFD96B510412}"
EndProject
Project("{9A19103F-16F7-4668-BE54-9A1E7A4F7556}") = "ScienceFuzz.Serverless.Scientists", "src\ScienceFuzz.Serverless.Scientists\ScienceFuzz.Serverless.Scientists.csproj", "{C0734F60-A353-4658-A99F-F4CE7047AEB0}"
EndProject
Project("{9A19103F-16F7-4668-BE54-9A1E7A4F7556}") = "ScienceFuzz.Serverless", "lib\ScienceFuzz.Serverless\ScienceFuzz.Serverless.csproj", "{BEF16516-CB4E-4B7D-BE8B-63E535E7B862}"
EndProject
Project("{9A19103F-16F7-4668-BE54-9A1E7A4F7556}") = "ScienceFuzz.Serverless.Proxy", "src\ScienceFuzz.Serverless.Proxy\ScienceFuzz.Serverless.Proxy.csproj", "{4E5EA04E-5152-4695-B985-AD9A2FE45108}"
EndProject
Project("{9A19103F-16F7-4668-BE54-9A1E7A4F7556}") = "ScienceFuzz.Models.Shared", "lib\ScienceFuzz.Models.Shared\ScienceFuzz.Models.Shared.csproj", "{3CE8A1BE-85AD-4E30-B634-DA7A59C72709}"
EndProject
Project("{9A19103F-16F7-4668-BE54-9A1E7A4F7556}") = "ScienceFuzz.Http.Client", "lib\ScienceFuzz.Http.Client\ScienceFuzz.Http.Client.csproj", "{D5073CD6-AB58-43F4-B8B1-70492A92856E}"
EndProject
Project("{9A19103F-16F7-4668-BE54-9A1E7A4F7556}") = "ScienceFuzz.Serverless.Disciplines", "src\ScienceFuzz.Serverless.Disciplines\ScienceFuzz.Serverless.Disciplines.csproj", "{60E86BE3-2A7E-4C3E-9E7D-5E64C60D0E7B}"
EndProject
Project("{9A19103F-16F7-4668-BE54-9A1E7A4F7556}") = "ScienceFuzz.Serverless.Domains", "src\ScienceFuzz.Serverless.Domains\ScienceFuzz.Serverless.Domains.csproj", "{1F689E36-F34D-469D-A817-8979BA2F6A44}"
EndProject
Project("{9A19103F-16F7-4668-BE54-9A1E7A4F7556}") = "ScienceFuzz.Serverless.Kmeans", "src\ScienceFuzz.Serverless.Kmeans\ScienceFuzz.Serverless.Kmeans.csproj", "{FED81765-59AB-4BF0-A55B-9DBC3F3260A6}"
EndProject
Global
	GlobalSection(SolutionConfigurationPlatforms) = preSolution
		Debug|Any CPU = Debug|Any CPU
		Release|Any CPU = Release|Any CPU
	EndGlobalSection
	GlobalSection(ProjectConfigurationPlatforms) = postSolution
		{19738413-91F8-4537-834B-67CA350A399E}.Debug|Any CPU.ActiveCfg = Debug|Any CPU
		{19738413-91F8-4537-834B-67CA350A399E}.Debug|Any CPU.Build.0 = Debug|Any CPU
		{19738413-91F8-4537-834B-67CA350A399E}.Release|Any CPU.ActiveCfg = Release|Any CPU
		{19738413-91F8-4537-834B-67CA350A399E}.Release|Any CPU.Build.0 = Release|Any CPU
		{7E6D53AD-7368-4F9F-88E9-1E7466933E6D}.Debug|Any CPU.ActiveCfg = Debug|Any CPU
		{7E6D53AD-7368-4F9F-88E9-1E7466933E6D}.Debug|Any CPU.Build.0 = Debug|Any CPU
		{7E6D53AD-7368-4F9F-88E9-1E7466933E6D}.Release|Any CPU.ActiveCfg = Release|Any CPU
		{7E6D53AD-7368-4F9F-88E9-1E7466933E6D}.Release|Any CPU.Build.0 = Release|Any CPU
		{DE49E85A-3BC7-41B0-8B9D-9310835EBE48}.Debug|Any CPU.ActiveCfg = Debug|Any CPU
		{DE49E85A-3BC7-41B0-8B9D-9310835EBE48}.Debug|Any CPU.Build.0 = Debug|Any CPU
		{DE49E85A-3BC7-41B0-8B9D-9310835EBE48}.Release|Any CPU.ActiveCfg = Release|Any CPU
		{DE49E85A-3BC7-41B0-8B9D-9310835EBE48}.Release|Any CPU.Build.0 = Release|Any CPU
		{431534C7-F187-45EA-BA89-29F17B54B731}.Debug|Any CPU.ActiveCfg = Debug|Any CPU
		{431534C7-F187-45EA-BA89-29F17B54B731}.Debug|Any CPU.Build.0 = Debug|Any CPU
		{431534C7-F187-45EA-BA89-29F17B54B731}.Release|Any CPU.ActiveCfg = Release|Any CPU
		{431534C7-F187-45EA-BA89-29F17B54B731}.Release|Any CPU.Build.0 = Release|Any CPU
		{1D22DB8D-F27E-4B7D-86A2-F2CF8059BB5A}.Debug|Any CPU.ActiveCfg = Debug|Any CPU
		{1D22DB8D-F27E-4B7D-86A2-F2CF8059BB5A}.Debug|Any CPU.Build.0 = Debug|Any CPU
		{1D22DB8D-F27E-4B7D-86A2-F2CF8059BB5A}.Release|Any CPU.ActiveCfg = Release|Any CPU
		{1D22DB8D-F27E-4B7D-86A2-F2CF8059BB5A}.Release|Any CPU.Build.0 = Release|Any CPU
		{5A83E093-1A6E-448D-9689-AFD96B510412}.Debug|Any CPU.ActiveCfg = Debug|Any CPU
		{5A83E093-1A6E-448D-9689-AFD96B510412}.Debug|Any CPU.Build.0 = Debug|Any CPU
		{5A83E093-1A6E-448D-9689-AFD96B510412}.Release|Any CPU.ActiveCfg = Release|Any CPU
		{5A83E093-1A6E-448D-9689-AFD96B510412}.Release|Any CPU.Build.0 = Release|Any CPU
		{C0734F60-A353-4658-A99F-F4CE7047AEB0}.Debug|Any CPU.ActiveCfg = Debug|Any CPU
		{C0734F60-A353-4658-A99F-F4CE7047AEB0}.Debug|Any CPU.Build.0 = Debug|Any CPU
		{C0734F60-A353-4658-A99F-F4CE7047AEB0}.Release|Any CPU.ActiveCfg = Release|Any CPU
		{C0734F60-A353-4658-A99F-F4CE7047AEB0}.Release|Any CPU.Build.0 = Release|Any CPU
		{BEF16516-CB4E-4B7D-BE8B-63E535E7B862}.Debug|Any CPU.ActiveCfg = Debug|Any CPU
		{BEF16516-CB4E-4B7D-BE8B-63E535E7B862}.Debug|Any CPU.Build.0 = Debug|Any CPU
		{BEF16516-CB4E-4B7D-BE8B-63E535E7B862}.Release|Any CPU.ActiveCfg = Release|Any CPU
		{BEF16516-CB4E-4B7D-BE8B-63E535E7B862}.Release|Any CPU.Build.0 = Release|Any CPU
		{4E5EA04E-5152-4695-B985-AD9A2FE45108}.Debug|Any CPU.ActiveCfg = Debug|Any CPU
		{4E5EA04E-5152-4695-B985-AD9A2FE45108}.Debug|Any CPU.Build.0 = Debug|Any CPU
		{4E5EA04E-5152-4695-B985-AD9A2FE45108}.Release|Any CPU.ActiveCfg = Release|Any CPU
		{4E5EA04E-5152-4695-B985-AD9A2FE45108}.Release|Any CPU.Build.0 = Release|Any CPU
		{3CE8A1BE-85AD-4E30-B634-DA7A59C72709}.Debug|Any CPU.ActiveCfg = Debug|Any CPU
		{3CE8A1BE-85AD-4E30-B634-DA7A59C72709}.Debug|Any CPU.Build.0 = Debug|Any CPU
		{3CE8A1BE-85AD-4E30-B634-DA7A59C72709}.Release|Any CPU.ActiveCfg = Release|Any CPU
		{3CE8A1BE-85AD-4E30-B634-DA7A59C72709}.Release|Any CPU.Build.0 = Release|Any CPU
		{D5073CD6-AB58-43F4-B8B1-70492A92856E}.Debug|Any CPU.ActiveCfg = Debug|Any CPU
		{D5073CD6-AB58-43F4-B8B1-70492A92856E}.Debug|Any CPU.Build.0 = Debug|Any CPU
		{D5073CD6-AB58-43F4-B8B1-70492A92856E}.Release|Any CPU.ActiveCfg = Release|Any CPU
		{D5073CD6-AB58-43F4-B8B1-70492A92856E}.Release|Any CPU.Build.0 = Release|Any CPU
		{60E86BE3-2A7E-4C3E-9E7D-5E64C60D0E7B}.Debug|Any CPU.ActiveCfg = Debug|Any CPU
		{60E86BE3-2A7E-4C3E-9E7D-5E64C60D0E7B}.Debug|Any CPU.Build.0 = Debug|Any CPU
		{60E86BE3-2A7E-4C3E-9E7D-5E64C60D0E7B}.Release|Any CPU.ActiveCfg = Release|Any CPU
		{60E86BE3-2A7E-4C3E-9E7D-5E64C60D0E7B}.Release|Any CPU.Build.0 = Release|Any CPU
		{1F689E36-F34D-469D-A817-8979BA2F6A44}.Debug|Any CPU.ActiveCfg = Debug|Any CPU
		{1F689E36-F34D-469D-A817-8979BA2F6A44}.Debug|Any CPU.Build.0 = Debug|Any CPU
		{1F689E36-F34D-469D-A817-8979BA2F6A44}.Release|Any CPU.ActiveCfg = Release|Any CPU
		{1F689E36-F34D-469D-A817-8979BA2F6A44}.Release|Any CPU.Build.0 = Release|Any CPU
		{FED81765-59AB-4BF0-A55B-9DBC3F3260A6}.Debug|Any CPU.ActiveCfg = Debug|Any CPU
		{FED81765-59AB-4BF0-A55B-9DBC3F3260A6}.Debug|Any CPU.Build.0 = Debug|Any CPU
		{FED81765-59AB-4BF0-A55B-9DBC3F3260A6}.Release|Any CPU.ActiveCfg = Release|Any CPU
		{FED81765-59AB-4BF0-A55B-9DBC3F3260A6}.Release|Any CPU.Build.0 = Release|Any CPU
	EndGlobalSection
	GlobalSection(SolutionProperties) = preSolution
		HideSolutionNode = FALSE
	EndGlobalSection
	GlobalSection(NestedProjects) = preSolution
		{19738413-91F8-4537-834B-67CA350A399E} = {D75F6C9F-290C-4DF7-9018-0AE3F2059B7A}
		{7E6D53AD-7368-4F9F-88E9-1E7466933E6D} = {D75F6C9F-290C-4DF7-9018-0AE3F2059B7A}
		{DE49E85A-3BC7-41B0-8B9D-9310835EBE48} = {D75F6C9F-290C-4DF7-9018-0AE3F2059B7A}
		{431534C7-F187-45EA-BA89-29F17B54B731} = {413692D0-D59F-40C9-BEE3-F31104B642B1}
		{1D22DB8D-F27E-4B7D-86A2-F2CF8059BB5A} = {D75F6C9F-290C-4DF7-9018-0AE3F2059B7A}
		{5A83E093-1A6E-448D-9689-AFD96B510412} = {413692D0-D59F-40C9-BEE3-F31104B642B1}
		{C0734F60-A353-4658-A99F-F4CE7047AEB0} = {D75F6C9F-290C-4DF7-9018-0AE3F2059B7A}
		{BEF16516-CB4E-4B7D-BE8B-63E535E7B862} = {413692D0-D59F-40C9-BEE3-F31104B642B1}
		{4E5EA04E-5152-4695-B985-AD9A2FE45108} = {D75F6C9F-290C-4DF7-9018-0AE3F2059B7A}
		{3CE8A1BE-85AD-4E30-B634-DA7A59C72709} = {413692D0-D59F-40C9-BEE3-F31104B642B1}
		{D5073CD6-AB58-43F4-B8B1-70492A92856E} = {413692D0-D59F-40C9-BEE3-F31104B642B1}
		{60E86BE3-2A7E-4C3E-9E7D-5E64C60D0E7B} = {D75F6C9F-290C-4DF7-9018-0AE3F2059B7A}
		{1F689E36-F34D-469D-A817-8979BA2F6A44} = {D75F6C9F-290C-4DF7-9018-0AE3F2059B7A}
		{FED81765-59AB-4BF0-A55B-9DBC3F3260A6} = {D75F6C9F-290C-4DF7-9018-0AE3F2059B7A}
	EndGlobalSection
	GlobalSection(ExtensibilityGlobals) = postSolution
		SolutionGuid = {36FB526F-A843-426D-ACCC-9248CBA4CD62}
	EndGlobalSection
EndGlobal
